{
  "name": "scroll-reveal",
  "lockfileVersion": 2,
  "requires": true,
  "packages": {
    "": {
      "dependencies": {
        "joshjs": "^1.0.7"
      }
    },
    "node_modules/animate.css": {
      "version": "4.1.1",
      "resolved": "https://registry.npmjs.org/animate.css/-/animate.css-4.1.1.tgz",
      "integrity": "sha512-+mRmCTv6SbCmtYJCN4faJMNFVNN5EuCTTprDTAo7YzIGji2KADmakjVA3+8mVDkZ2Bf09vayB35lSQIex2+QaQ=="
    },
    "node_modules/joshjs": {
      "version": "1.0.7",
      "resolved": "https://registry.npmjs.org/joshjs/-/joshjs-1.0.7.tgz",
      "integrity": "sha512-kZxxOb5ge3rBQ7ViFl7gWaaSDa7cx4I3iNvfC5snCk5PDxLA8KHt4T4+AayAHn3WxOTxlq+PBhnrh45rZZ3OOg==",
      "dependencies": {
        "animate.css": "^4.1.0"
      }
    }
  },
  "dependencies": {
    "animate.css": {
      "version": "4.1.1",
      "resolved": "https://registry.npmjs.org/animate.css/-/animate.css-4.1.1.tgz",
      "integrity": "sha512-+mRmCTv6SbCmtYJCN4faJMNFVNN5EuCTTprDTAo7YzIGji2KADmakjVA3+8mVDkZ2Bf09vayB35lSQIex2+QaQ=="
    },
    "joshjs": {
      "version": "1.0.7",
      "resolved": "https://registry.npmjs.org/joshjs/-/joshjs-1.0.7.tgz",
      "integrity": "sha512-kZxxOb5ge3rBQ7ViFl7gWaaSDa7cx4I3iNvfC5snCk5PDxLA8KHt4T4+AayAHn3WxOTxlq+PBhnrh45rZZ3OOg==",
      "requires": {
        "animate.css": "^4.1.0"
      }
    }
  }
}
